// !$*UTF8*$!
{
	archiveVersion = 1;
	classes = {
	};
	objectVersion = 50;
	objects = {

/* Begin PBXBuildFile section */
		59014F75242E1D9100F09AE4 /* AppDelegate.swift in Sources */ = {isa = PBXBuildFile; fileRef = 59014F74242E1D9100F09AE4 /* AppDelegate.swift */; };
		59014F77242E1D9100F09AE4 /* SceneDelegate.swift in Sources */ = {isa = PBXBuildFile; fileRef = 59014F76242E1D9100F09AE4 /* SceneDelegate.swift */; };
		59014F79242E1D9200F09AE4 /* ViewController.swift in Sources */ = {isa = PBXBuildFile; fileRef = 59014F78242E1D9200F09AE4 /* ViewController.swift */; };
		59014F7C242E1D9200F09AE4 /* Main.storyboard in Resources */ = {isa = PBXBuildFile; fileRef = 59014F7A242E1D9200F09AE4 /* Main.storyboard */; };
		59014F7E242E1D9300F09AE4 /* Assets.xcassets in Resources */ = {isa = PBXBuildFile; fileRef = 59014F7D242E1D9300F09AE4 /* Assets.xcassets */; };
		59014F81242E1D9300F09AE4 /* LaunchScreen.storyboard in Resources */ = {isa = PBXBuildFile; fileRef = 59014F7F242E1D9300F09AE4 /* LaunchScreen.storyboard */; };
		59014F89242E396000F09AE4 /* NetworkManager.swift in Sources */ = {isa = PBXBuildFile; fileRef = 59014F88242E396000F09AE4 /* NetworkManager.swift */; };
		59014F8B242E398100F09AE4 /* Currency.swift in Sources */ = {isa = PBXBuildFile; fileRef = 59014F8A242E398100F09AE4 /* Currency.swift */; };
/* End PBXBuildFile section */

/* Begin PBXFileReference section */
		59014F71242E1D9100F09AE4 /* 19dz.app */ = {isa = PBXFileReference; explicitFileType = wrapper.application; includeInIndex = 0; path = 19dz.app; sourceTree = BUILT_PRODUCTS_DIR; };
		59014F74242E1D9100F09AE4 /* AppDelegate.swift */ = {isa = PBXFileReference; lastKnownFileType = sourcecode.swift; path = AppDelegate.swift; sourceTree = "<group>"; };
		59014F76242E1D9100F09AE4 /* SceneDelegate.swift */ = {isa = PBXFileReference; lastKnownFileType = sourcecode.swift; path = SceneDelegate.swift; sourceTree = "<group>"; };
		59014F78242E1D9200F09AE4 /* ViewController.swift */ = {isa = PBXFileReference; lastKnownFileType = sourcecode.swift; path = ViewController.swift; sourceTree = "<group>"; };
		59014F7B242E1D9200F09AE4 /* Base */ = {isa = PBXFileReference; lastKnownFileType = file.storyboard; name = Base; path = Base.lproj/Main.storyboard; sourceTree = "<group>"; };
		59014F7D242E1D9300F09AE4 /* Assets.xcassets */ = {isa = PBXFileReference; lastKnownFileType = folder.assetcatalog; path = Assets.xcassets; sourceTree = "<group>"; };
		59014F80242E1D9300F09AE4 /* Base */ = {isa = PBXFileReference; lastKnownFileType = file.storyboard; name = Base; path = Base.lproj/LaunchScreen.storyboard; sourceTree = "<group>"; };
		59014F82242E1D9300F09AE4 /* Info.plist */ = {isa = PBXFileReference; lastKnownFileType = text.plist.xml; path = Info.plist; sourceTree = "<group>"; };
		59014F88242E396000F09AE4 /* NetworkManager.swift */ = {isa = PBXFileReference; fileEncoding = 4; lastKnownFileType = sourcecode.swift; path = NetworkManager.swift; sourceTree = "<group>"; };
		59014F8A242E398100F09AE4 /* Currency.swift */ = {isa = PBXFileReference; lastKnownFileType = sourcecode.swift; path = Currency.swift; sourceTree = "<group>"; };
/* End PBXFileReference section */

/* Begin PBXFrameworksBuildPhase section */
		59014F6E242E1D9100F09AE4 /* Frameworks */ = {
			isa = PBXFrameworksBuildPhase;
			buildActionMask = 2147483647;
			files = (
			);
			runOnlyForDeploymentPostprocessing = 0;
		};
/* End PBXFrameworksBuildPhase section */

/* Begin PBXGroup section */
		59014F68242E1D9100F09AE4 = {
			isa = PBXGroup;
			children = (
				59014F73242E1D9100F09AE4 /* 19dz */,
				59014F72242E1D9100F09AE4 /* Products */,
			);
			sourceTree = "<group>";
		};
		59014F72242E1D9100F09AE4 /* Products */ = {
			isa = PBXGroup;
			children = (
				59014F71242E1D9100F09AE4 /* 19dz.app */,
			);
			name = Products;
			sourceTree = "<group>";
		};
		59014F73242E1D9100F09AE4 /* 19dz */ = {
			isa = PBXGroup;
			children = (
				59014F74242E1D9100F09AE4 /* AppDelegate.swift */,
				59014F76242E1D9100F09AE4 /* SceneDelegate.swift */,
				59014F78242E1D9200F09AE4 /* ViewController.swift */,
				59014F88242E396000F09AE4 /* NetworkManager.swift */,
				59014F8A242E398100F09AE4 /* Currency.swift */,
				59014F7A242E1D9200F09AE4 /* Main.storyboard */,
				59014F7D242E1D9300F09AE4 /* Assets.xcassets */,
				59014F7F242E1D9300F09AE4 /* LaunchScreen.storyboard */,
				59014F82242E1D9300F09AE4 /* Info.plist */,
			);
			path = 19dz;
			sourceTree = "<group>";
		};
/* End PBXGroup section */

/* Begin PBXNativeTarget section */
		59014F70242E1D9100F09AE4 /* 19dz */ = {
			isa = PBXNativeTarget;
			buildConfigurationList = 59014F85242E1D9300F09AE4 /* Build configuration list for PBXNativeTarget "19dz" */;
			buildPhases = (
				59014F6D242E1D9100F09AE4 /* Sources */,
				59014F6E242E1D9100F09AE4 /* Frameworks */,
				59014F6F242E1D9100F09AE4 /* Resources */,
			);
			buildRules = (
			);
			dependencies = (
			);
			name = 19dz;
			productName = 19dz;
			productReference = 59014F71242E1D9100F09AE4 /* 19dz.app */;
			productType = "com.apple.product-type.application";
		};
/* End PBXNativeTarget section */

/* Begin PBXProject section */
		59014F69242E1D9100F09AE4 /* Project object */ = {
			isa = PBXProject;
			attributes = {
				LastSwiftUpdateCheck = 1130;
				LastUpgradeCheck = 1130;
				ORGANIZATIONNAME = "Пользователь";
				TargetAttributes = {
					59014F70242E1D9100F09AE4 = {
						CreatedOnToolsVersion = 11.3;
					};
				};
			};
			buildConfigurationList = 59014F6C242E1D9100F09AE4 /* Build configuration list for PBXProject "19dz" */;
			compatibilityVersion = "Xcode 9.3";
			developmentRegion = en;
			hasScannedForEncodings = 0;
			knownRegions = (
				en,
				Base,
			);
			mainGroup = 59014F68242E1D9100F09AE4;
			productRefGroup = 59014F72242E1D9100F09AE4 /* Products */;
			projectDirPath = "";
			projectRoot = "";
			targets = (
				59014F70242E1D9100F09AE4 /* 19dz */,
			);
		};
/* End PBXProject section */

/* Begin PBXResourcesBuildPhase section */
		59014F6F242E1D9100F09AE4 /* Resources */ = {
			isa = PBXResourcesBuildPhase;
			buildActionMask = 2147483647;
			files = (
				59014F81242E1D9300F09AE4 /* LaunchScreen.storyboard in Resources */,
				59014F7E242E1D9300F09AE4 /* Assets.xcassets in Resources */,
				59014F7C242E1D9200F09AE4 /* Main.storyboard in Resources */,
			);
			runOnlyForDeploymentPostprocessing = 0;
		};
/* End PBXResourcesBuildPhase section */

/* Begin PBXSourcesBuildPhase section */
		59014F6D242E1D9100F09AE4 /* Sources */ = {
			isa = PBXSourcesBuildPhase;
			buildActionMask = 2147483647;
			files = (
				59014F89242E396000F09AE4 /* NetworkManager.swift in Sources */,
				59014F8B242E398100F09AE4 /* Currency.swift in Sources */,
				59014F79242E1D9200F09AE4 /* ViewController.swift in Sources */,
				59014F75242E1D9100F09AE4 /* AppDelegate.swift in Sources */,
				59014F77242E1D9100F09AE4 /* SceneDelegate.swift in Sources */,
			);
			runOnlyForDeploymentPostprocessing = 0;
		};
/* End PBXSourcesBuildPhase section */

/* Begin PBXVariantGroup section */
		59014F7A242E1D9200F09AE4 /* Main.storyboard */ = {
			isa = PBXVariantGroup;
			children = (
				59014F7B242E1D9200F09AE4 /* Base */,
			);
			name = Main.storyboard;
			sourceTree = "<group>";
		};
		59014F7F242E1D9300F09AE4 /* LaunchScreen.storyboard */ = {
			isa = PBXVariantGroup;
			children = (
				59014F80242E1D9300F09AE4 /* Base */,
			);
			name = LaunchScreen.storyboard;
			sourceTree = "<group>";
		};
/* End PBXVariantGroup section */

/* Begin XCBuildConfiguration section */
		59014F83242E1D9300F09AE4 /* Debug */ = {
			isa = XCBuildConfiguration;
			buildSettings = {
				ALWAYS_SEARCH_USER_PATHS = NO;
				CLANG_ANALYZER_NONNULL = YES;
				CLANG_ANALYZER_NUMBER_OBJECT_CONVERSION = YES_AGGRESSIVE;
				CLANG_CXX_LANGUAGE_STANDARD = "gnu++14";
				CLANG_CXX_LIBRARY = "libc++";
				CLANG_ENABLE_MODULES = YES;
				CLANG_ENABLE_OBJC_ARC = YES;
				CLANG_ENABLE_OBJC_WEAK = YES;
				CLANG_WARN_BLOCK_CAPTURE_AUTORELEASING = YES;
				CLANG_WARN_BOOL_CONVERSION = YES;
				CLANG_WARN_COMMA = YES;
				CLANG_WARN_CONSTANT_CONVERSION = YES;
				CLANG_WARN_DEPRECATED_OBJC_IMPLEMENTATIONS = YES;
				CLANG_WARN_DIRECT_OBJC_ISA_USAGE = YES_ERROR;
				CLANG_WARN_DOCUMENTATION_COMMENTS = YES;
				CLANG_WARN_EMPTY_BODY = YES;
				CLANG_WARN_ENUM_CONVERSION = YES;
				CLANG_WARN_INFINITE_RECURSION = YES;
				CLANG_WARN_INT_CONVERSION = YES;
				CLANG_WARN_NON_LITERAL_NULL_CONVERSION = YES;
				CLANG_WARN_OBJC_IMPLICIT_RETAIN_SELF = YES;
				CLANG_WARN_OBJC_LITERAL_CONVERSION = YES;
				CLANG_WARN_OBJC_ROOT_CLASS = YES_ERROR;
				CLANG_WARN_RANGE_LOOP_ANALYSIS = YES;
				CLANG_WARN_STRICT_PROTOTYPES = YES;
				CLANG_WARN_SUSPICIOUS_MOVE = YES;
				CLANG_WARN_UNGUARDED_AVAILABILITY = YES_AGGRESSIVE;
				CLANG_WARN_UNREACHABLE_CODE = YES;
				CLANG_WARN__DUPLICATE_METHOD_MATCH = YES;
				COPY_PHASE_STRIP = NO;
				DEBUG_INFORMATION_FORMAT = dwarf;
				ENABLE_STRICT_OBJC_MSGSEND = YES;
				ENABLE_TESTABILITY = YES;
				GCC_C_LANGUAGE_STANDARD = gnu11;
				GCC_DYNAMIC_NO_PIC = NO;
				GCC_NO_COMMON_BLOCKS = YES;
				GCC_OPTIMIZATION_LEVEL = 0;
				GCC_PREPROCESSOR_DEFINITIONS = (
					"DEBUG=1",
					"$(inherited)",
				);
				GCC_WARN_64_TO_32_BIT_CONVERSION = YES;
				GCC_WARN_ABOUT_RETURN_TYPE = YES_ERROR;
				GCC_WARN_UNDECLARED_SELECTOR = YES;
				GCC_WARN_UNINITIALIZED_AUTOS = YES_AGGRESSIVE;
				GCC_WARN_UNUSED_FUNCTION = YES;
				GCC_WARN_UNUSED_VARIABLE = YES;
				IPHONEOS_DEPLOYMENT_TARGET = 13.2;
				MTL_ENABLE_DEBUG_INFO = INCLUDE_SOURCE;
				MTL_FAST_MATH = YES;
				ONLY_ACTIVE_ARCH = YES;
				SDKROOT = iphoneos;
				SWIFT_ACTIVE_COMPILATION_CONDITIONS = DEBUG;
				SWIFT_OPTIMIZATION_LEVEL = "-Onone";
			};
			name = Debug;
		};
		59014F84242E1D9300F09AE4 /* Release */ = {
			isa = XCBuildConfiguration;
			buildSettings = {
				ALWAYS_SEARCH_USER_PATHS = NO;
				CLANG_ANALYZER_NONNULL = YES;
				CLANG_ANALYZER_NUMBER_OBJECT_CONVERSION = YES_AGGRESSIVE;
				CLANG_CXX_LANGUAGE_STANDARD = "gnu++14";
				CLANG_CXX_LIBRARY = "libc++";
				CLANG_ENABLE_MODULES = YES;
				CLANG_ENABLE_OBJC_ARC = YES;
				CLANG_ENABLE_OBJC_WEAK = YES;
				CLANG_WARN_BLOCK_CAPTURE_AUTORELEASING = YES;
				CLANG_WARN_BOOL_CONVERSION = YES;
				CLANG_WARN_COMMA = YES;
				CLANG_WARN_CONSTANT_CONVERSION = YES;
				CLANG_WARN_DEPRECATED_OBJC_IMPLEMENTATIONS = YES;
				CLANG_WARN_DIRECT_OBJC_ISA_USAGE = YES_ERROR;
				CLANG_WARN_DOCUMENTATION_COMMENTS = YES;
				CLANG_WARN_EMPTY_BODY = YES;
				CLANG_WARN_ENUM_CONVERSION = YES;
				CLANG_WARN_INFINITE_RECURSION = YES;
				CLANG_WARN_INT_CONVERSION = YES;
				CLANG_WARN_NON_LITERAL_NULL_CONVERSION = YES;
				CLANG_WARN_OBJC_IMPLICIT_RETAIN_SELF = YES;
				CLANG_WARN_OBJC_LITERAL_CONVERSION = YES;
				CLANG_WARN_OBJC_ROOT_CLASS = YES_ERROR;
				CLANG_WARN_RANGE_LOOP_ANALYSIS = YES;
				CLANG_WARN_STRICT_PROTOTYPES = YES;
				CLANG_WARN_SUSPICIOUS_MOVE = YES;
				CLANG_WARN_UNGUARDED_AVAILABILITY = YES_AGGRESSIVE;
				CLANG_WARN_UNREACHABLE_CODE = YES;
				CLANG_WARN__DUPLICATE_METHOD_MATCH = YES;
				COPY_PHASE_STRIP = NO;
				DEBUG_INFORMATION_FORMAT = "dwarf-with-dsym";
				ENABLE_NS_ASSERTIONS = NO;
				ENABLE_STRICT_OBJC_MSGSEND = YES;
				GCC_C_LANGUAGE_STANDARD = gnu11;
				GCC_NO_COMMON_BLOCKS = YES;
				GCC_WARN_64_TO_32_BIT_CONVERSION = YES;
				GCC_WARN_ABOUT_RETURN_TYPE = YES_ERROR;
				GCC_WARN_UNDECLARED_SELECTOR = YES;
				GCC_WARN_UNINITIALIZED_AUTOS = YES_AGGRESSIVE;
				GCC_WARN_UNUSED_FUNCTION = YES;
				GCC_WARN_UNUSED_VARIABLE = YES;
				IPHONEOS_DEPLOYMENT_TARGET = 13.2;
				MTL_ENABLE_DEBUG_INFO = NO;
				MTL_FAST_MATH = YES;
				SDKROOT = iphoneos;
				SWIFT_COMPILATION_MODE = wholemodule;
				SWIFT_OPTIMIZATION_LEVEL = "-O";
				VALIDATE_PRODUCT = YES;
			};
			name = Release;
		};
		59014F86242E1D9300F09AE4 /* Debug */ = {
			isa = XCBuildConfiguration;
			buildSettings = {
				ASSETCATALOG_COMPILER_APPICON_NAME = AppIcon;
				CODE_SIGN_STYLE = Automatic;
				INFOPLIST_FILE = 19dz/Info.plist;
				LD_RUNPATH_SEARCH_PATHS = (
					"$(inherited)",
					"@executable_path/Frameworks",
				);
				PRODUCT_BUNDLE_IDENTIFIER = "NK.-9dz";
				PRODUCT_NAME = "$(TARGET_NAME)";
				SWIFT_VERSION = 5.0;
				TARGETED_DEVICE_FAMILY = "1,2";
			};
			name = Debug;
		};
		59014F87242E1D9300F09AE4 /* Release */ = {
			isa = XCBuildConfiguration;
			buildSettings = {
				ASSETCATALOG_COMPILER_APPICON_NAME = AppIcon;
				CODE_SIGN_STYLE = Automatic;
				INFOPLIST_FILE = 19dz/Info.plist;
				LD_RUNPATH_SEARCH_PATHS = (
					"$(inherited)",
					"@executable_path/Frameworks",
				);
				PRODUCT_BUNDLE_IDENTIFIER = "NK.-9dz";
				PRODUCT_NAME = "$(TARGET_NAME)";
				SWIFT_VERSION = 5.0;
				TARGETED_DEVICE_FAMILY = "1,2";
			};
			name = Release;
		};
/* End XCBuildConfiguration section */

/* Begin XCConfigurationList section */
		59014F6C242E1D9100F09AE4 /* Build configuration list for PBXProject "19dz" */ = {
			isa = XCConfigurationList;
			buildConfigurations = (
				59014F83242E1D9300F09AE4 /* Debug */,
				59014F84242E1D9300F09AE4 /* Release */,
			);
			defaultConfigurationIsVisible = 0;
			defaultConfigurationName = Release;
		};
		59014F85242E1D9300F09AE4 /* Build configuration list for PBXNativeTarget "19dz" */ = {
			isa = XCConfigurationList;
			buildConfigurations = (
				59014F86242E1D9300F09AE4 /* Debug */,
				59014F87242E1D9300F09AE4 /* Release */,
			);
			defaultConfigurationIsVisible = 0;
			defaultConfigurationName = Release;
		};
/* End XCConfigurationList section */
	};
	rootObject = 59014F69242E1D9100F09AE4 /* Project object */;
}
